
Microsoft Visual Studio Solution File, Format Version 12.00
# Visual Studio Version 17
VisualStudioVersion = 17.14.36327.8
MinimumVisualStudioVersion = 10.0.40219.1
Project("{FAE04EC0-301F-11D3-BF4B-00C04F79EFBC}") = "OrderManagementAPI", "OrderManagementAPI.csproj", "{C9382CBF-349E-454C-A650-B0B18948569C}"
EndProject
Project("{FAE04EC0-301F-11D3-BF4B-00C04F79EFBC}") = "OrderManagementAPI.Tests", "OrderManagementAPI.Tests\OrderManagementAPI.Tests.csproj", "{0BADE8AE-A2B0-371F-E599-5E77E1A8A190}"
EndProject
Global
	GlobalSection(SolutionConfigurationPlatforms) = preSolution
		Debug|Any CPU = Debug|Any CPU
		Release|Any CPU = Release|Any CPU
	EndGlobalSection
	GlobalSection(ProjectConfigurationPlatforms) = postSolution
		{C9382CBF-349E-454C-A650-B0B18948569C}.Debug|Any CPU.ActiveCfg = Debug|Any CPU
		{C9382CBF-349E-454C-A650-B0B18948569C}.Debug|Any CPU.Build.0 = Debug|Any CPU
		{C9382CBF-349E-454C-A650-B0B18948569C}.Release|Any CPU.ActiveCfg = Release|Any CPU
		{C9382CBF-349E-454C-A650-B0B18948569C}.Release|Any CPU.Build.0 = Release|Any CPU
		{0BADE8AE-A2B0-371F-E599-5E77E1A8A190}.Debug|Any CPU.ActiveCfg = Debug|Any CPU
		{0BADE8AE-A2B0-371F-E599-5E77E1A8A190}.Debug|Any CPU.Build.0 = Debug|Any CPU
		{0BADE8AE-A2B0-371F-E599-5E77E1A8A190}.Release|Any CPU.ActiveCfg = Release|Any CPU
		{0BADE8AE-A2B0-371F-E599-5E77E1A8A190}.Release|Any CPU.Build.0 = Release|Any CPU
	EndGlobalSection
	GlobalSection(SolutionProperties) = preSolution
		HideSolutionNode = FALSE
	EndGlobalSection
	GlobalSection(ExtensibilityGlobals) = postSolution
		SolutionGuid = {F1AC59FA-BE02-4EDA-BEAF-A808E315DA77}
	EndGlobalSection
EndGlobal
